
Microsoft Visual Studio Solution File, Format Version 12.00
# Visual Studio 2012
Project("{2150E333-8FDC-42A3-9474-1A3956D46DE8}") = "BLL", "BLL", "{63D92BD5-7C77-4361-9E2B-1185F2ED4FD9}"
EndProject
Project("{2150E333-8FDC-42A3-9474-1A3956D46DE8}") = "Common", "Common", "{320FCAC2-8F4D-4F99-88F9-B06467F989AD}"
EndProject
Project("{2150E333-8FDC-42A3-9474-1A3956D46DE8}") = "DAL", "DAL", "{625CCD8D-8BF8-4BC1-A3B3-48C76F4D930B}"
EndProject
Project("{2150E333-8FDC-42A3-9474-1A3956D46DE8}") = "Services", "Services", "{01CE35EB-9C0E-46D3-B29F-7EEFF33FA338}"
EndProject
Project("{FAE04EC0-301F-11D3-BF4B-00C04F79EFBC}") = "Cmt.WebApi", "Cmt.WebApi\Cmt.WebApi.csproj", "{6EEF3E8A-FAD9-45ED-B6CC-CC149182A058}"
EndProject
Project("{FAE04EC0-301F-11D3-BF4B-00C04F79EFBC}") = "Cmt.Bll", "Cmt.Bll\Cmt.Bll.csproj", "{66F9DA78-6A4D-4605-AC2D-7739D3DD87D3}"
EndProject
Project("{FAE04EC0-301F-11D3-BF4B-00C04F79EFBC}") = "Cmt.Dal", "Cmt.Dal\Cmt.Dal.csproj", "{83053431-A116-4DF2-AFB1-FA640654EA3E}"
EndProject
Project("{FAE04EC0-301F-11D3-BF4B-00C04F79EFBC}") = "Cmt.Common", "Cmt.Common\Cmt.Common.csproj", "{2A45ACD9-CD89-4A80-972E-58738385FE6E}"
EndProject
Global
	GlobalSection(SolutionConfigurationPlatforms) = preSolution
		Debug|Any CPU = Debug|Any CPU
		Release|Any CPU = Release|Any CPU
	EndGlobalSection
	GlobalSection(ProjectConfigurationPlatforms) = postSolution
		{6EEF3E8A-FAD9-45ED-B6CC-CC149182A058}.Debug|Any CPU.ActiveCfg = Debug|Any CPU
		{6EEF3E8A-FAD9-45ED-B6CC-CC149182A058}.Debug|Any CPU.Build.0 = Debug|Any CPU
		{6EEF3E8A-FAD9-45ED-B6CC-CC149182A058}.Release|Any CPU.ActiveCfg = Release|Any CPU
		{6EEF3E8A-FAD9-45ED-B6CC-CC149182A058}.Release|Any CPU.Build.0 = Release|Any CPU
		{66F9DA78-6A4D-4605-AC2D-7739D3DD87D3}.Debug|Any CPU.ActiveCfg = Debug|Any CPU
		{66F9DA78-6A4D-4605-AC2D-7739D3DD87D3}.Debug|Any CPU.Build.0 = Debug|Any CPU
		{66F9DA78-6A4D-4605-AC2D-7739D3DD87D3}.Release|Any CPU.ActiveCfg = Release|Any CPU
		{66F9DA78-6A4D-4605-AC2D-7739D3DD87D3}.Release|Any CPU.Build.0 = Release|Any CPU
		{83053431-A116-4DF2-AFB1-FA640654EA3E}.Debug|Any CPU.ActiveCfg = Debug|Any CPU
		{83053431-A116-4DF2-AFB1-FA640654EA3E}.Debug|Any CPU.Build.0 = Debug|Any CPU
		{83053431-A116-4DF2-AFB1-FA640654EA3E}.Release|Any CPU.ActiveCfg = Release|Any CPU
		{83053431-A116-4DF2-AFB1-FA640654EA3E}.Release|Any CPU.Build.0 = Release|Any CPU
		{2A45ACD9-CD89-4A80-972E-58738385FE6E}.Debug|Any CPU.ActiveCfg = Debug|Any CPU
		{2A45ACD9-CD89-4A80-972E-58738385FE6E}.Debug|Any CPU.Build.0 = Debug|Any CPU
		{2A45ACD9-CD89-4A80-972E-58738385FE6E}.Release|Any CPU.ActiveCfg = Release|Any CPU
		{2A45ACD9-CD89-4A80-972E-58738385FE6E}.Release|Any CPU.Build.0 = Release|Any CPU
	EndGlobalSection
	GlobalSection(NestedProjects) = preSolution
		{6EEF3E8A-FAD9-45ED-B6CC-CC149182A058} = {01CE35EB-9C0E-46D3-B29F-7EEFF33FA338}
		{66F9DA78-6A4D-4605-AC2D-7739D3DD87D3} = {63D92BD5-7C77-4361-9E2B-1185F2ED4FD9}
		{83053431-A116-4DF2-AFB1-FA640654EA3E} = {625CCD8D-8BF8-4BC1-A3B3-48C76F4D930B}
		{2A45ACD9-CD89-4A80-972E-58738385FE6E} = {320FCAC2-8F4D-4F99-88F9-B06467F989AD}
	EndGlobalSection
EndGlobal
