
Microsoft Visual Studio Solution File, Format Version 12.00
# Visual Studio 2012
Project("{2150E333-8FDC-42A3-9474-1A3956D46DE8}") = "BLL", "BLL", "{63D92BD5-7C77-4361-9E2B-1185F2ED4FD9}"
EndProject
Project("{2150E333-8FDC-42A3-9474-1A3956D46DE8}") = "Common", "Common", "{320FCAC2-8F4D-4F99-88F9-B06467F989AD}"
EndProject
Project("{2150E333-8FDC-42A3-9474-1A3956D46DE8}") = "DAL", "DAL", "{625CCD8D-8BF8-4BC1-A3B3-48C76F4D930B}"
EndProject
Project("{2150E333-8FDC-42A3-9474-1A3956D46DE8}") = "Services", "Services", "{01CE35EB-9C0E-46D3-B29F-7EEFF33FA338}"
EndProject
Project("{FAE04EC0-301F-11D3-BF4B-00C04F79EFBC}") = "Cmt.WebApi", "Cmt.WebApi\Cmt.WebApi.csproj", "{6EEF3E8A-FAD9-45ED-B6CC-CC149182A058}"
EndProject
Project("{FAE04EC0-301F-11D3-BF4B-00C04F79EFBC}") = "Cmt.Bll", "Cmt.Bll\Cmt.Bll.csproj", "{AB66F437-D2B9-4EE5-9098-C2EABBB6243B}"
EndProject
Project("{FAE04EC0-301F-11D3-BF4B-00C04F79EFBC}") = "Cmt.Common", "Cmt.Common\Cmt.Common.csproj", "{E3BDCAAA-D5B1-4A30-A79E-0F763D58C1AA}"
EndProject
Project("{FAE04EC0-301F-11D3-BF4B-00C04F79EFBC}") = "Cmt.Dal.Ef", "Cmt.Dal.Ef\Cmt.Dal.Ef.csproj", "{FF180386-C0B4-4779-A687-9050AA697DFC}"
EndProject
Project("{FAE04EC0-301F-11D3-BF4B-00C04F79EFBC}") = "Cmt.Dal", "Cmt.Dal\Cmt.Dal.csproj", "{885A8297-94F9-4E84-8E8A-F7FD31BD7193}"
EndProject
Project("{FAE04EC0-301F-11D3-BF4B-00C04F79EFBC}") = "Cmt.Dal.FluentMigrations", "Cmt.Dal.FluentMigrations\Cmt.Dal.FluentMigrations.csproj", "{C69B2DA1-3245-454A-AB58-5FCE99F6659E}"
EndProject
Global
	GlobalSection(SolutionConfigurationPlatforms) = preSolution
		Debug|Any CPU = Debug|Any CPU
		Release|Any CPU = Release|Any CPU
	EndGlobalSection
	GlobalSection(ProjectConfigurationPlatforms) = postSolution
		{6EEF3E8A-FAD9-45ED-B6CC-CC149182A058}.Debug|Any CPU.ActiveCfg = Debug|Any CPU
		{6EEF3E8A-FAD9-45ED-B6CC-CC149182A058}.Debug|Any CPU.Build.0 = Debug|Any CPU
		{6EEF3E8A-FAD9-45ED-B6CC-CC149182A058}.Release|Any CPU.ActiveCfg = Release|Any CPU
		{6EEF3E8A-FAD9-45ED-B6CC-CC149182A058}.Release|Any CPU.Build.0 = Release|Any CPU
		{AB66F437-D2B9-4EE5-9098-C2EABBB6243B}.Debug|Any CPU.ActiveCfg = Debug|Any CPU
		{AB66F437-D2B9-4EE5-9098-C2EABBB6243B}.Debug|Any CPU.Build.0 = Debug|Any CPU
		{AB66F437-D2B9-4EE5-9098-C2EABBB6243B}.Release|Any CPU.ActiveCfg = Release|Any CPU
		{AB66F437-D2B9-4EE5-9098-C2EABBB6243B}.Release|Any CPU.Build.0 = Release|Any CPU
		{E3BDCAAA-D5B1-4A30-A79E-0F763D58C1AA}.Debug|Any CPU.ActiveCfg = Debug|Any CPU
		{E3BDCAAA-D5B1-4A30-A79E-0F763D58C1AA}.Debug|Any CPU.Build.0 = Debug|Any CPU
		{E3BDCAAA-D5B1-4A30-A79E-0F763D58C1AA}.Release|Any CPU.ActiveCfg = Release|Any CPU
		{E3BDCAAA-D5B1-4A30-A79E-0F763D58C1AA}.Release|Any CPU.Build.0 = Release|Any CPU
		{FF180386-C0B4-4779-A687-9050AA697DFC}.Debug|Any CPU.ActiveCfg = Debug|Any CPU
		{FF180386-C0B4-4779-A687-9050AA697DFC}.Debug|Any CPU.Build.0 = Debug|Any CPU
		{FF180386-C0B4-4779-A687-9050AA697DFC}.Release|Any CPU.ActiveCfg = Release|Any CPU
		{FF180386-C0B4-4779-A687-9050AA697DFC}.Release|Any CPU.Build.0 = Release|Any CPU
		{885A8297-94F9-4E84-8E8A-F7FD31BD7193}.Debug|Any CPU.ActiveCfg = Debug|Any CPU
		{885A8297-94F9-4E84-8E8A-F7FD31BD7193}.Debug|Any CPU.Build.0 = Debug|Any CPU
		{885A8297-94F9-4E84-8E8A-F7FD31BD7193}.Release|Any CPU.ActiveCfg = Release|Any CPU
		{885A8297-94F9-4E84-8E8A-F7FD31BD7193}.Release|Any CPU.Build.0 = Release|Any CPU
		{C69B2DA1-3245-454A-AB58-5FCE99F6659E}.Debug|Any CPU.ActiveCfg = Debug|Any CPU
		{C69B2DA1-3245-454A-AB58-5FCE99F6659E}.Debug|Any CPU.Build.0 = Debug|Any CPU
		{C69B2DA1-3245-454A-AB58-5FCE99F6659E}.Release|Any CPU.ActiveCfg = Release|Any CPU
		{C69B2DA1-3245-454A-AB58-5FCE99F6659E}.Release|Any CPU.Build.0 = Release|Any CPU
	EndGlobalSection
	GlobalSection(NestedProjects) = preSolution
		{6EEF3E8A-FAD9-45ED-B6CC-CC149182A058} = {01CE35EB-9C0E-46D3-B29F-7EEFF33FA338}
		{AB66F437-D2B9-4EE5-9098-C2EABBB6243B} = {63D92BD5-7C77-4361-9E2B-1185F2ED4FD9}
		{E3BDCAAA-D5B1-4A30-A79E-0F763D58C1AA} = {320FCAC2-8F4D-4F99-88F9-B06467F989AD}
		{FF180386-C0B4-4779-A687-9050AA697DFC} = {625CCD8D-8BF8-4BC1-A3B3-48C76F4D930B}
		{885A8297-94F9-4E84-8E8A-F7FD31BD7193} = {625CCD8D-8BF8-4BC1-A3B3-48C76F4D930B}
		{C69B2DA1-3245-454A-AB58-5FCE99F6659E} = {625CCD8D-8BF8-4BC1-A3B3-48C76F4D930B}
	EndGlobalSection
EndGlobal
